// !$*UTF8*$!
{
	archiveVersion = 1;
	classes = {
	};
	objectVersion = 77;
	objects = {

/* Begin PBXBuildFile section */
		086DC269EC013394744351FA /* latest.json in Resources */ = {isa = PBXBuildFile; fileRef = A32B10D6D40A7AAD16B4C3D5 /* latest.json */; };
		1C49E09B9BF6E3CB258BC5DE /* CatalogDecodingTests.swift in Sources */ = {isa = PBXBuildFile; fileRef = D475D877EC5AF519E8C663FB /* CatalogDecodingTests.swift */; };
		2585E977DB52D102C67866A0 /* HoldingRecord.swift in Sources */ = {isa = PBXBuildFile; fileRef = 6D2A52C64D2A082A0F22B0AF /* HoldingRecord.swift */; };
		410C2ADA0ECD14FCE064D6A7 /* CatalogStore.swift in Sources */ = {isa = PBXBuildFile; fileRef = 4FD99F560EB76588CAA7A663 /* CatalogStore.swift */; };
		4D1FD43BB2C00064CBE28518 /* UseCardApp.swift in Sources */ = {isa = PBXBuildFile; fileRef = 951C55D8F9FEF3A131BB4F3F /* UseCardApp.swift */; };
		553F1EA392B824F63854D662 /* RecommendationView.swift in Sources */ = {isa = PBXBuildFile; fileRef = 8655C36184345E4C28BF6C9A /* RecommendationView.swift */; };
		6A1E07D9AAF68C9B4FFA8CBB /* HoldingsView.swift in Sources */ = {isa = PBXBuildFile; fileRef = B22D9FC3571F3BA5C3B167FC /* HoldingsView.swift */; };
		6A4F1A1FBBA6331246FB2FC5 /* CatalogClient.swift in Sources */ = {isa = PBXBuildFile; fileRef = 532AF77703973468A7997BDD /* CatalogClient.swift */; };
		74E19F15EFBCD0EF72CD8D64 /* UseCardCore in Frameworks */ = {isa = PBXBuildFile; productRef = 89DD418B15F8DD65B65D2CFF /* UseCardCore */; };
		7F0EE5561122214A459CCB16 /* CatalogView.swift in Sources */ = {isa = PBXBuildFile; fileRef = 25682858731DE953100C2670 /* CatalogView.swift */; };
		83149C4F523DC1A088D52FE5 /* RootView.swift in Sources */ = {isa = PBXBuildFile; fileRef = E8901160BE27422CABCF48F6 /* RootView.swift */; };
		996F692C4E531437CF1F404B /* SettingsView.swift in Sources */ = {isa = PBXBuildFile; fileRef = 632AB573C5DC715C300F19BA /* SettingsView.swift */; };
		CCFD37C64479E41911631126 /* UseCardCore in Frameworks */ = {isa = PBXBuildFile; productRef = F77478896704D71271E06650 /* UseCardCore */; };
/* End PBXBuildFile section */

/* Begin PBXContainerItemProxy section */
		A448E543D6DC2ABF32D6A874 /* PBXContainerItemProxy */ = {
			isa = PBXContainerItemProxy;
			containerPortal = 32AE1962F8EEF9AAFCCA6436 /* Project object */;
			proxyType = 1;
			remoteGlobalIDString = 3331217C37CFBAF3AA15FF37;
			remoteInfo = UseCard;
		};
/* End PBXContainerItemProxy section */

/* Begin PBXFileReference section */
		25682858731DE953100C2670 /* CatalogView.swift */ = {isa = PBXFileReference; lastKnownFileType = sourcecode.swift; path = CatalogView.swift; sourceTree = "<group>"; };
		25C0404A8922C1A259DE7B27 /* Info.plist */ = {isa = PBXFileReference; lastKnownFileType = text.plist; path = Info.plist; sourceTree = "<group>"; };
		4FD99F560EB76588CAA7A663 /* CatalogStore.swift */ = {isa = PBXFileReference; lastKnownFileType = sourcecode.swift; path = CatalogStore.swift; sourceTree = "<group>"; };
		5268F37F60E4B3646A044D3F /* usecard */ = {isa = PBXFileReference; lastKnownFileType = folder; name = usecard; path = ..; sourceTree = SOURCE_ROOT; };
		532AF77703973468A7997BDD /* CatalogClient.swift */ = {isa = PBXFileReference; lastKnownFileType = sourcecode.swift; path = CatalogClient.swift; sourceTree = "<group>"; };
		632AB573C5DC715C300F19BA /* SettingsView.swift */ = {isa = PBXFileReference; lastKnownFileType = sourcecode.swift; path = SettingsView.swift; sourceTree = "<group>"; };
		6D2A52C64D2A082A0F22B0AF /* HoldingRecord.swift */ = {isa = PBXFileReference; lastKnownFileType = sourcecode.swift; path = HoldingRecord.swift; sourceTree = "<group>"; };
		8655C36184345E4C28BF6C9A /* RecommendationView.swift */ = {isa = PBXFileReference; lastKnownFileType = sourcecode.swift; path = RecommendationView.swift; sourceTree = "<group>"; };
		951C55D8F9FEF3A131BB4F3F /* UseCardApp.swift */ = {isa = PBXFileReference; lastKnownFileType = sourcecode.swift; path = UseCardApp.swift; sourceTree = "<group>"; };
		A0A45B03CDAF953DF133D5D3 /* UseCard.entitlements */ = {isa = PBXFileReference; lastKnownFileType = text.plist.entitlements; path = UseCard.entitlements; sourceTree = "<group>"; };
		A32B10D6D40A7AAD16B4C3D5 /* latest.json */ = {isa = PBXFileReference; lastKnownFileType = text.json; path = latest.json; sourceTree = "<group>"; };
		B22D9FC3571F3BA5C3B167FC /* HoldingsView.swift */ = {isa = PBXFileReference; lastKnownFileType = sourcecode.swift; path = HoldingsView.swift; sourceTree = "<group>"; };
		BB7A12CE02C2BBFE3194898A /* UseCard.app */ = {isa = PBXFileReference; includeInIndex = 0; lastKnownFileType = wrapper.application; path = UseCard.app; sourceTree = BUILT_PRODUCTS_DIR; };
		D475D877EC5AF519E8C663FB /* CatalogDecodingTests.swift */ = {isa = PBXFileReference; lastKnownFileType = sourcecode.swift; path = CatalogDecodingTests.swift; sourceTree = "<group>"; };
		E8901160BE27422CABCF48F6 /* RootView.swift */ = {isa = PBXFileReference; lastKnownFileType = sourcecode.swift; path = RootView.swift; sourceTree = "<group>"; };
		F94A3C820A00DE1A8D26EF68 /* UseCardTests.xctest */ = {isa = PBXFileReference; includeInIndex = 0; lastKnownFileType = wrapper.cfbundle; path = UseCardTests.xctest; sourceTree = BUILT_PRODUCTS_DIR; };
/* End PBXFileReference section */

/* Begin PBXFrameworksBuildPhase section */
		51F156BC87837F588E3469FC /* Frameworks */ = {
			isa = PBXFrameworksBuildPhase;
			buildActionMask = 2147483647;
			files = (
				CCFD37C64479E41911631126 /* UseCardCore in Frameworks */,
			);
			runOnlyForDeploymentPostprocessing = 0;
		};
		E61882E359BC1EB92442C2DB /* Frameworks */ = {
			isa = PBXFrameworksBuildPhase;
			buildActionMask = 2147483647;
			files = (
				74E19F15EFBCD0EF72CD8D64 /* UseCardCore in Frameworks */,
			);
			runOnlyForDeploymentPostprocessing = 0;
		};
/* End PBXFrameworksBuildPhase section */

/* Begin PBXGroup section */
		0B3D420B98C8286240A279C9 /* UseCardTests */ = {
			isa = PBXGroup;
			children = (
				D475D877EC5AF519E8C663FB /* CatalogDecodingTests.swift */,
			);
			path = UseCardTests;
			sourceTree = "<group>";
		};
		0E88FF0B1A7D72763A80A207 /* public */ = {
			isa = PBXGroup;
			children = (
				A32B10D6D40A7AAD16B4C3D5 /* latest.json */,
			);
			path = public;
			sourceTree = "<group>";
		};
		1DCCDDCA47BC860DDFE6F3BF /* Services */ = {
			isa = PBXGroup;
			children = (
				532AF77703973468A7997BDD /* CatalogClient.swift */,
			);
			path = Services;
			sourceTree = "<group>";
		};
		34045B1BEE55DBA35941F84F /* Stores */ = {
			isa = PBXGroup;
			children = (
				4FD99F560EB76588CAA7A663 /* CatalogStore.swift */,
			);
			path = Stores;
			sourceTree = "<group>";
		};
		397DDE6C0F18B50B209C6A1D = {
			isa = PBXGroup;
			children = (
				B2780B0C447076A518E8AA18 /* Packages */,
				447E26BCB6AD0E5BBC3C8F76 /* usecard */,
				B0453D044B16A0190BC52E82 /* UseCardApp */,
				0B3D420B98C8286240A279C9 /* UseCardTests */,
				4DB9066FB04059FDF8C28C6C /* Products */,
			);
			sourceTree = "<group>";
		};
		447E26BCB6AD0E5BBC3C8F76 /* usecard */ = {
			isa = PBXGroup;
			children = (
				CE41F527F803C0F849D126AD /* catalog */,
			);
			name = usecard;
			path = ..;
			sourceTree = "<group>";
		};
		4DB9066FB04059FDF8C28C6C /* Products */ = {
			isa = PBXGroup;
			children = (
				BB7A12CE02C2BBFE3194898A /* UseCard.app */,
				F94A3C820A00DE1A8D26EF68 /* UseCardTests.xctest */,
			);
			name = Products;
			sourceTree = "<group>";
		};
		9E1DCA56D89CE11A46DAAE41 /* Models */ = {
			isa = PBXGroup;
			children = (
				6D2A52C64D2A082A0F22B0AF /* HoldingRecord.swift */,
			);
			path = Models;
			sourceTree = "<group>";
		};
		B0453D044B16A0190BC52E82 /* UseCardApp */ = {
			isa = PBXGroup;
			children = (
				25C0404A8922C1A259DE7B27 /* Info.plist */,
				A0A45B03CDAF953DF133D5D3 /* UseCard.entitlements */,
				951C55D8F9FEF3A131BB4F3F /* UseCardApp.swift */,
				9E1DCA56D89CE11A46DAAE41 /* Models */,
				1DCCDDCA47BC860DDFE6F3BF /* Services */,
				34045B1BEE55DBA35941F84F /* Stores */,
				ED3F3CD5D978CE0CA2AEA140 /* Views */,
			);
			path = UseCardApp;
			sourceTree = "<group>";
		};
		B2780B0C447076A518E8AA18 /* Packages */ = {
			isa = PBXGroup;
			children = (
				5268F37F60E4B3646A044D3F /* usecard */,
			);
			name = Packages;
			sourceTree = "<group>";
		};
		CE41F527F803C0F849D126AD /* catalog */ = {
			isa = PBXGroup;
			children = (
				0E88FF0B1A7D72763A80A207 /* public */,
			);
			path = catalog;
			sourceTree = "<group>";
		};
		ED3F3CD5D978CE0CA2AEA140 /* Views */ = {
			isa = PBXGroup;
			children = (
				25682858731DE953100C2670 /* CatalogView.swift */,
				B22D9FC3571F3BA5C3B167FC /* HoldingsView.swift */,
				8655C36184345E4C28BF6C9A /* RecommendationView.swift */,
				E8901160BE27422CABCF48F6 /* RootView.swift */,
				632AB573C5DC715C300F19BA /* SettingsView.swift */,
			);
			path = Views;
			sourceTree = "<group>";
		};
/* End PBXGroup section */

/* Begin PBXNativeTarget section */
		3331217C37CFBAF3AA15FF37 /* UseCard */ = {
			isa = PBXNativeTarget;
			buildConfigurationList = F8F360FE06B5F49890FE842C /* Build configuration list for PBXNativeTarget "UseCard" */;
			buildPhases = (
				49A9D4F11804A2C7024D1E42 /* Sources */,
				D58BC7AFE4AB46B1610E99C2 /* Resources */,
				E61882E359BC1EB92442C2DB /* Frameworks */,
			);
			buildRules = (
			);
			dependencies = (
			);
			name = UseCard;
			packageProductDependencies = (
				89DD418B15F8DD65B65D2CFF /* UseCardCore */,
			);
			productName = UseCard;
			productReference = BB7A12CE02C2BBFE3194898A /* UseCard.app */;
			productType = "com.apple.product-type.application";
		};
		3DE91C7A0080159CAFA5D07C /* UseCardTests */ = {
			isa = PBXNativeTarget;
			buildConfigurationList = 38BFA8BEFA5DC34780CAC9E2 /* Build configuration list for PBXNativeTarget "UseCardTests" */;
			buildPhases = (
				09F32213895FADCE72F5B121 /* Sources */,
				51F156BC87837F588E3469FC /* Frameworks */,
			);
			buildRules = (
			);
			dependencies = (
				AAFDED676F1E3BBDA28B03BA /* PBXTargetDependency */,
			);
			name = UseCardTests;
			packageProductDependencies = (
				F77478896704D71271E06650 /* UseCardCore */,
			);
			productName = UseCardTests;
			productReference = F94A3C820A00DE1A8D26EF68 /* UseCardTests.xctest */;
			productType = "com.apple.product-type.bundle.unit-test";
		};
/* End PBXNativeTarget section */

/* Begin PBXProject section */
		32AE1962F8EEF9AAFCCA6436 /* Project object */ = {
			isa = PBXProject;
			attributes = {
				BuildIndependentTargetsInParallel = YES;
				LastUpgradeCheck = 1430;
				TargetAttributes = {
					3331217C37CFBAF3AA15FF37 = {
						DevelopmentTeam = "";
					};
				};
			};
			buildConfigurationList = DDD5935FC51781359784FF4F /* Build configuration list for PBXProject "UseCard" */;
			developmentRegion = en;
			hasScannedForEncodings = 0;
			knownRegions = (
				Base,
				en,
			);
			mainGroup = 397DDE6C0F18B50B209C6A1D;
			minimizedProjectReferenceProxies = 1;
			packageReferences = (
				C44C4C99BA21263EFAF0995E /* XCLocalSwiftPackageReference ".." */,
			);
			preferredProjectObjectVersion = 77;
			productRefGroup = 4DB9066FB04059FDF8C28C6C /* Products */;
			projectDirPath = "";
			projectRoot = "";
			targets = (
				3331217C37CFBAF3AA15FF37 /* UseCard */,
				3DE91C7A0080159CAFA5D07C /* UseCardTests */,
			);
		};
/* End PBXProject section */

/* Begin PBXResourcesBuildPhase section */
		D58BC7AFE4AB46B1610E99C2 /* Resources */ = {
			isa = PBXResourcesBuildPhase;
			buildActionMask = 2147483647;
			files = (
				086DC269EC013394744351FA /* latest.json in Resources */,
			);
			runOnlyForDeploymentPostprocessing = 0;
		};
/* End PBXResourcesBuildPhase section */

/* Begin PBXSourcesBuildPhase section */
		09F32213895FADCE72F5B121 /* Sources */ = {
			isa = PBXSourcesBuildPhase;
			buildActionMask = 2147483647;
			files = (
				1C49E09B9BF6E3CB258BC5DE /* CatalogDecodingTests.swift in Sources */,
			);
			runOnlyForDeploymentPostprocessing = 0;
		};
		49A9D4F11804A2C7024D1E42 /* Sources */ = {
			isa = PBXSourcesBuildPhase;
			buildActionMask = 2147483647;
			files = (
				6A4F1A1FBBA6331246FB2FC5 /* CatalogClient.swift in Sources */,
				410C2ADA0ECD14FCE064D6A7 /* CatalogStore.swift in Sources */,
				7F0EE5561122214A459CCB16 /* CatalogView.swift in Sources */,
				2585E977DB52D102C67866A0 /* HoldingRecord.swift in Sources */,
				6A1E07D9AAF68C9B4FFA8CBB /* HoldingsView.swift in Sources */,
				553F1EA392B824F63854D662 /* RecommendationView.swift in Sources */,
				83149C4F523DC1A088D52FE5 /* RootView.swift in Sources */,
				996F692C4E531437CF1F404B /* SettingsView.swift in Sources */,
				4D1FD43BB2C00064CBE28518 /* UseCardApp.swift in Sources */,
			);
			runOnlyForDeploymentPostprocessing = 0;
		};
/* End PBXSourcesBuildPhase section */

/* Begin PBXTargetDependency section */
		AAFDED676F1E3BBDA28B03BA /* PBXTargetDependency */ = {
			isa = PBXTargetDependency;
			target = 3331217C37CFBAF3AA15FF37 /* UseCard */;
			targetProxy = A448E543D6DC2ABF32D6A874 /* PBXContainerItemProxy */;
		};
/* End PBXTargetDependency section */

/* Begin XCBuildConfiguration section */
		151B323D36BC5C4AE3098A76 /* Release */ = {
			isa = XCBuildConfiguration;
			buildSettings = {
				BUNDLE_LOADER = "$(TEST_HOST)";
				LD_RUNPATH_SEARCH_PATHS = (
					"$(inherited)",
					"@executable_path/Frameworks",
					"@loader_path/Frameworks",
				);
				PRODUCT_BUNDLE_IDENTIFIER = jp.usecard.UseCardTests;
				SDKROOT = iphoneos;
				TARGETED_DEVICE_FAMILY = "1,2";
				TEST_HOST = "$(BUILT_PRODUCTS_DIR)/UseCard.app/UseCard";
			};
			name = Release;
		};
		937F176EB2B77E862DFDA051 /* Debug */ = {
			isa = XCBuildConfiguration;
			buildSettings = {
				ALWAYS_SEARCH_USER_PATHS = NO;
				CLANG_ANALYZER_NONNULL = YES;
				CLANG_ANALYZER_NUMBER_OBJECT_CONVERSION = YES_AGGRESSIVE;
				CLANG_CXX_LANGUAGE_STANDARD = "gnu++14";
				CLANG_CXX_LIBRARY = "libc++";
				CLANG_ENABLE_MODULES = YES;
				CLANG_ENABLE_OBJC_ARC = YES;
				CLANG_ENABLE_OBJC_WEAK = YES;
				CLANG_WARN_BLOCK_CAPTURE_AUTORELEASING = YES;
				CLANG_WARN_BOOL_CONVERSION = YES;
				CLANG_WARN_COMMA = YES;
				CLANG_WARN_CONSTANT_CONVERSION = YES;
				CLANG_WARN_DEPRECATED_OBJC_IMPLEMENTATIONS = YES;
				CLANG_WARN_DIRECT_OBJC_ISA_USAGE = YES_ERROR;
				CLANG_WARN_DOCUMENTATION_COMMENTS = YES;
				CLANG_WARN_EMPTY_BODY = YES;
				CLANG_WARN_ENUM_CONVERSION = YES;
				CLANG_WARN_INFINITE_RECURSION = YES;
				CLANG_WARN_INT_CONVERSION = YES;
				CLANG_WARN_NON_LITERAL_NULL_CONVERSION = YES;
				CLANG_WARN_OBJC_IMPLICIT_RETAIN_SELF = YES;
				CLANG_WARN_OBJC_LITERAL_CONVERSION = YES;
				CLANG_WARN_OBJC_ROOT_CLASS = YES_ERROR;
				CLANG_WARN_QUOTED_INCLUDE_IN_FRAMEWORK_HEADER = YES;
				CLANG_WARN_RANGE_LOOP_ANALYSIS = YES;
				CLANG_WARN_STRICT_PROTOTYPES = YES;
				CLANG_WARN_SUSPICIOUS_MOVE = YES;
				CLANG_WARN_UNGUARDED_AVAILABILITY = YES_AGGRESSIVE;
				CLANG_WARN_UNREACHABLE_CODE = YES;
				CLANG_WARN__DUPLICATE_METHOD_MATCH = YES;
				COPY_PHASE_STRIP = NO;
				DEBUG_INFORMATION_FORMAT = dwarf;
				ENABLE_STRICT_OBJC_MSGSEND = YES;
				ENABLE_TESTABILITY = YES;
				GCC_C_LANGUAGE_STANDARD = gnu11;
				GCC_DYNAMIC_NO_PIC = NO;
				GCC_NO_COMMON_BLOCKS = YES;
				GCC_OPTIMIZATION_LEVEL = 0;
				GCC_PREPROCESSOR_DEFINITIONS = (
					"$(inherited)",
					"DEBUG=1",
				);
				GCC_WARN_64_TO_32_BIT_CONVERSION = YES;
				GCC_WARN_ABOUT_RETURN_TYPE = YES_ERROR;
				GCC_WARN_UNDECLARED_SELECTOR = YES;
				GCC_WARN_UNINITIALIZED_AUTOS = YES_AGGRESSIVE;
				GCC_WARN_UNUSED_FUNCTION = YES;
				GCC_WARN_UNUSED_VARIABLE = YES;
				IPHONEOS_DEPLOYMENT_TARGET = 17.0;
				MTL_ENABLE_DEBUG_INFO = INCLUDE_SOURCE;
				MTL_FAST_MATH = YES;
				ONLY_ACTIVE_ARCH = YES;
				PRODUCT_NAME = "$(TARGET_NAME)";
				SDKROOT = iphoneos;
				SWIFT_ACTIVE_COMPILATION_CONDITIONS = DEBUG;
				SWIFT_OPTIMIZATION_LEVEL = "-Onone";
				SWIFT_VERSION = 5.0;
			};
			name = Debug;
		};
		B31153DBF64E300FF066E9DA /* Debug */ = {
			isa = XCBuildConfiguration;
			buildSettings = {
				BUNDLE_LOADER = "$(TEST_HOST)";
				LD_RUNPATH_SEARCH_PATHS = (
					"$(inherited)",
					"@executable_path/Frameworks",
					"@loader_path/Frameworks",
				);
				PRODUCT_BUNDLE_IDENTIFIER = jp.usecard.UseCardTests;
				SDKROOT = iphoneos;
				TARGETED_DEVICE_FAMILY = "1,2";
				TEST_HOST = "$(BUILT_PRODUCTS_DIR)/UseCard.app/UseCard";
			};
			name = Debug;
		};
		C14DF90BADE87F710229B90E /* Release */ = {
			isa = XCBuildConfiguration;
			buildSettings = {
				ALWAYS_SEARCH_USER_PATHS = NO;
				CLANG_ANALYZER_NONNULL = YES;
				CLANG_ANALYZER_NUMBER_OBJECT_CONVERSION = YES_AGGRESSIVE;
				CLANG_CXX_LANGUAGE_STANDARD = "gnu++14";
				CLANG_CXX_LIBRARY = "libc++";
				CLANG_ENABLE_MODULES = YES;
				CLANG_ENABLE_OBJC_ARC = YES;
				CLANG_ENABLE_OBJC_WEAK = YES;
				CLANG_WARN_BLOCK_CAPTURE_AUTORELEASING = YES;
				CLANG_WARN_BOOL_CONVERSION = YES;
				CLANG_WARN_COMMA = YES;
				CLANG_WARN_CONSTANT_CONVERSION = YES;
				CLANG_WARN_DEPRECATED_OBJC_IMPLEMENTATIONS = YES;
				CLANG_WARN_DIRECT_OBJC_ISA_USAGE = YES_ERROR;
				CLANG_WARN_DOCUMENTATION_COMMENTS = YES;
				CLANG_WARN_EMPTY_BODY = YES;
				CLANG_WARN_ENUM_CONVERSION = YES;
				CLANG_WARN_INFINITE_RECURSION = YES;
				CLANG_WARN_INT_CONVERSION = YES;
				CLANG_WARN_NON_LITERAL_NULL_CONVERSION = YES;
				CLANG_WARN_OBJC_IMPLICIT_RETAIN_SELF = YES;
				CLANG_WARN_OBJC_LITERAL_CONVERSION = YES;
				CLANG_WARN_OBJC_ROOT_CLASS = YES_ERROR;
				CLANG_WARN_QUOTED_INCLUDE_IN_FRAMEWORK_HEADER = YES;
				CLANG_WARN_RANGE_LOOP_ANALYSIS = YES;
				CLANG_WARN_STRICT_PROTOTYPES = YES;
				CLANG_WARN_SUSPICIOUS_MOVE = YES;
				CLANG_WARN_UNGUARDED_AVAILABILITY = YES_AGGRESSIVE;
				CLANG_WARN_UNREACHABLE_CODE = YES;
				CLANG_WARN__DUPLICATE_METHOD_MATCH = YES;
				COPY_PHASE_STRIP = NO;
				DEBUG_INFORMATION_FORMAT = "dwarf-with-dsym";
				ENABLE_NS_ASSERTIONS = NO;
				ENABLE_STRICT_OBJC_MSGSEND = YES;
				GCC_C_LANGUAGE_STANDARD = gnu11;
				GCC_NO_COMMON_BLOCKS = YES;
				GCC_WARN_64_TO_32_BIT_CONVERSION = YES;
				GCC_WARN_ABOUT_RETURN_TYPE = YES_ERROR;
				GCC_WARN_UNDECLARED_SELECTOR = YES;
				GCC_WARN_UNINITIALIZED_AUTOS = YES_AGGRESSIVE;
				GCC_WARN_UNUSED_FUNCTION = YES;
				GCC_WARN_UNUSED_VARIABLE = YES;
				IPHONEOS_DEPLOYMENT_TARGET = 17.0;
				MTL_ENABLE_DEBUG_INFO = NO;
				MTL_FAST_MATH = YES;
				PRODUCT_NAME = "$(TARGET_NAME)";
				SDKROOT = iphoneos;
				SWIFT_COMPILATION_MODE = wholemodule;
				SWIFT_OPTIMIZATION_LEVEL = "-O";
				SWIFT_VERSION = 5.0;
			};
			name = Release;
		};
		D9A6E23504807132F38ECCFC /* Debug */ = {
			isa = XCBuildConfiguration;
			buildSettings = {
				ASSETCATALOG_COMPILER_APPICON_NAME = AppIcon;
				CODE_SIGN_ENTITLEMENTS = UseCardApp/UseCard.entitlements;
				CODE_SIGN_IDENTITY = "iPhone Developer";
				DEVELOPMENT_TEAM = "";
				GENERATE_INFOPLIST_FILE = NO;
				INFOPLIST_FILE = UseCardApp/Info.plist;
				LD_RUNPATH_SEARCH_PATHS = (
					"$(inherited)",
					"@executable_path/Frameworks",
				);
				PRODUCT_BUNDLE_IDENTIFIER = jp.usecard.app;
				PRODUCT_NAME = UseCard;
				SDKROOT = iphoneos;
				SWIFT_VERSION = 5.0;
				TARGETED_DEVICE_FAMILY = "1,2";
			};
			name = Debug;
		};
		E41D1CF8B63FD5081BACBD16 /* Release */ = {
			isa = XCBuildConfiguration;
			buildSettings = {
				ASSETCATALOG_COMPILER_APPICON_NAME = AppIcon;
				CODE_SIGN_ENTITLEMENTS = UseCardApp/UseCard.entitlements;
				CODE_SIGN_IDENTITY = "iPhone Developer";
				DEVELOPMENT_TEAM = "";
				GENERATE_INFOPLIST_FILE = NO;
				INFOPLIST_FILE = UseCardApp/Info.plist;
				LD_RUNPATH_SEARCH_PATHS = (
					"$(inherited)",
					"@executable_path/Frameworks",
				);
				PRODUCT_BUNDLE_IDENTIFIER = jp.usecard.app;
				PRODUCT_NAME = UseCard;
				SDKROOT = iphoneos;
				SWIFT_VERSION = 5.0;
				TARGETED_DEVICE_FAMILY = "1,2";
			};
			name = Release;
		};
/* End XCBuildConfiguration section */

/* Begin XCConfigurationList section */
		38BFA8BEFA5DC34780CAC9E2 /* Build configuration list for PBXNativeTarget "UseCardTests" */ = {
			isa = XCConfigurationList;
			buildConfigurations = (
				B31153DBF64E300FF066E9DA /* Debug */,
				151B323D36BC5C4AE3098A76 /* Release */,
			);
			defaultConfigurationIsVisible = 0;
			defaultConfigurationName = Debug;
		};
		DDD5935FC51781359784FF4F /* Build configuration list for PBXProject "UseCard" */ = {
			isa = XCConfigurationList;
			buildConfigurations = (
				937F176EB2B77E862DFDA051 /* Debug */,
				C14DF90BADE87F710229B90E /* Release */,
			);
			defaultConfigurationIsVisible = 0;
			defaultConfigurationName = Debug;
		};
		F8F360FE06B5F49890FE842C /* Build configuration list for PBXNativeTarget "UseCard" */ = {
			isa = XCConfigurationList;
			buildConfigurations = (
				D9A6E23504807132F38ECCFC /* Debug */,
				E41D1CF8B63FD5081BACBD16 /* Release */,
			);
			defaultConfigurationIsVisible = 0;
			defaultConfigurationName = Debug;
		};
/* End XCConfigurationList section */

/* Begin XCLocalSwiftPackageReference section */
		C44C4C99BA21263EFAF0995E /* XCLocalSwiftPackageReference ".." */ = {
			isa = XCLocalSwiftPackageReference;
			relativePath = ..;
		};
/* End XCLocalSwiftPackageReference section */

/* Begin XCSwiftPackageProductDependency section */
		89DD418B15F8DD65B65D2CFF /* UseCardCore */ = {
			isa = XCSwiftPackageProductDependency;
			productName = UseCardCore;
		};
		F77478896704D71271E06650 /* UseCardCore */ = {
			isa = XCSwiftPackageProductDependency;
			productName = UseCardCore;
		};
/* End XCSwiftPackageProductDependency section */
	};
	rootObject = 32AE1962F8EEF9AAFCCA6436 /* Project object */;
}
